
Microsoft Visual Studio Solution File, Format Version 12.00
# Visual Studio Version 17
VisualStudioVersion = 17.11.35219.272
MinimumVisualStudioVersion = 10.0.40219.1
Project("{FAE04EC0-301F-11D3-BF4B-00C04F79EFBC}") = "NoughtsAndCrosses", "NoughtsAndCrosses\NoughtsAndCrosses.csproj", "{55B5C204-5558-418F-945F-646E7AC2660A}"
EndProject
Global
	GlobalSection(SolutionConfigurationPlatforms) = preSolution
		Debug|Any CPU = Debug|Any CPU
		Release|Any CPU = Release|Any CPU
	EndGlobalSection
	GlobalSection(ProjectConfigurationPlatforms) = postSolution
		{55B5C204-5558-418F-945F-646E7AC2660A}.Debug|Any CPU.ActiveCfg = Debug|Any CPU
		{55B5C204-5558-418F-945F-646E7AC2660A}.Debug|Any CPU.Build.0 = Debug|Any CPU
		{55B5C204-5558-418F-945F-646E7AC2660A}.Release|Any CPU.ActiveCfg = Release|Any CPU
		{55B5C204-5558-418F-945F-646E7AC2660A}.Release|Any CPU.Build.0 = Release|Any CPU
	EndGlobalSection
	GlobalSection(SolutionProperties) = preSolution
		HideSolutionNode = FALSE
	EndGlobalSection
	GlobalSection(ExtensibilityGlobals) = postSolution
		SolutionGuid = {D581E2BB-A16B-4C8B-B95C-AA9A10B9B328}
	EndGlobalSection
EndGlobal
